
Microsoft Visual Studio Solution File, Format Version 12.00
# Visual Studio Version 17
VisualStudioVersion = 17.8.34601.278
MinimumVisualStudioVersion = 10.0.40219.1
Project("{FAE04EC0-301F-11D3-BF4B-00C04F79EFBC}") = "CLActiBuddy", "CLActiBuddy\CLActiBuddy.csproj", "{F230B522-FBE9-4E6D-9171-DE8FF4B3B776}"
EndProject
Project("{FAE04EC0-301F-11D3-BF4B-00C04F79EFBC}") = "WpfAdmin", "WpfAdmin\WpfAdmin.csproj", "{53FC070F-0DAD-4060-89BC-D1C297FEE204}"
EndProject
Project("{FAE04EC0-301F-11D3-BF4B-00C04F79EFBC}") = "WpfUser", "WpfUser\WpfUser.csproj", "{DCA6A840-CE84-425E-A74F-2238459CD5F9}"
EndProject
Global
	GlobalSection(SolutionConfigurationPlatforms) = preSolution
		Debug|Any CPU = Debug|Any CPU
		Release|Any CPU = Release|Any CPU
	EndGlobalSection
	GlobalSection(ProjectConfigurationPlatforms) = postSolution
		{F230B522-FBE9-4E6D-9171-DE8FF4B3B776}.Debug|Any CPU.ActiveCfg = Debug|Any CPU
		{F230B522-FBE9-4E6D-9171-DE8FF4B3B776}.Debug|Any CPU.Build.0 = Debug|Any CPU
		{F230B522-FBE9-4E6D-9171-DE8FF4B3B776}.Release|Any CPU.ActiveCfg = Release|Any CPU
		{F230B522-FBE9-4E6D-9171-DE8FF4B3B776}.Release|Any CPU.Build.0 = Release|Any CPU
		{53FC070F-0DAD-4060-89BC-D1C297FEE204}.Debug|Any CPU.ActiveCfg = Debug|Any CPU
		{53FC070F-0DAD-4060-89BC-D1C297FEE204}.Debug|Any CPU.Build.0 = Debug|Any CPU
		{53FC070F-0DAD-4060-89BC-D1C297FEE204}.Release|Any CPU.ActiveCfg = Release|Any CPU
		{53FC070F-0DAD-4060-89BC-D1C297FEE204}.Release|Any CPU.Build.0 = Release|Any CPU
		{DCA6A840-CE84-425E-A74F-2238459CD5F9}.Debug|Any CPU.ActiveCfg = Debug|Any CPU
		{DCA6A840-CE84-425E-A74F-2238459CD5F9}.Debug|Any CPU.Build.0 = Debug|Any CPU
		{DCA6A840-CE84-425E-A74F-2238459CD5F9}.Release|Any CPU.ActiveCfg = Release|Any CPU
		{DCA6A840-CE84-425E-A74F-2238459CD5F9}.Release|Any CPU.Build.0 = Release|Any CPU
	EndGlobalSection
	GlobalSection(SolutionProperties) = preSolution
		HideSolutionNode = FALSE
	EndGlobalSection
	GlobalSection(ExtensibilityGlobals) = postSolution
		SolutionGuid = {6523D1B5-F8FD-4AE1-AFBC-78FBAC26722B}
	EndGlobalSection
EndGlobal
